
Microsoft Visual Studio Solution File, Format Version 12.00
# Visual Studio Version 17
VisualStudioVersion = 17.14.36623.8
MinimumVisualStudioVersion = 10.0.40219.1
Project("{FAE04EC0-301F-11D3-BF4B-00C04F79EFBC}") = "SignalSpeak", "SignalSpeak\SignalSpeak.csproj", "{F77D3719-2ACA-4277-B82F-1E202C33F3FA}"
EndProject
Global
	GlobalSection(SolutionConfigurationPlatforms) = preSolution
		Debug|Any CPU = Debug|Any CPU
		Release|Any CPU = Release|Any CPU
	EndGlobalSection
	GlobalSection(ProjectConfigurationPlatforms) = postSolution
		{F77D3719-2ACA-4277-B82F-1E202C33F3FA}.Debug|Any CPU.ActiveCfg = Debug|Any CPU
		{F77D3719-2ACA-4277-B82F-1E202C33F3FA}.Debug|Any CPU.Build.0 = Debug|Any CPU
		{F77D3719-2ACA-4277-B82F-1E202C33F3FA}.Release|Any CPU.ActiveCfg = Release|Any CPU
		{F77D3719-2ACA-4277-B82F-1E202C33F3FA}.Release|Any CPU.Build.0 = Release|Any CPU
	EndGlobalSection
	GlobalSection(SolutionProperties) = preSolution
		HideSolutionNode = FALSE
	EndGlobalSection
	GlobalSection(ExtensibilityGlobals) = postSolution
		SolutionGuid = {4D6C8E86-E1A0-422B-A700-3D0D5DEEFBF3}
	EndGlobalSection
EndGlobal
